
Microsoft Visual Studio Solution File, Format Version 12.00
# Visual Studio Version 16
VisualStudioVersion = 16.0.32510.428
MinimumVisualStudioVersion = 10.0.40219.1
Project("{FAE04EC0-301F-11D3-BF4B-00C04F79EFBC}") = "powtorka", "powtorka\powtorka.csproj", "{7A5B9FC4-BA3F-4A6C-A0B4-7E739A1C482E}"
EndProject
Global
	GlobalSection(SolutionConfigurationPlatforms) = preSolution
		Debug|Any CPU = Debug|Any CPU
		Release|Any CPU = Release|Any CPU
	EndGlobalSection
	GlobalSection(ProjectConfigurationPlatforms) = postSolution
		{7A5B9FC4-BA3F-4A6C-A0B4-7E739A1C482E}.Debug|Any CPU.ActiveCfg = Debug|Any CPU
		{7A5B9FC4-BA3F-4A6C-A0B4-7E739A1C482E}.Debug|Any CPU.Build.0 = Debug|Any CPU
		{7A5B9FC4-BA3F-4A6C-A0B4-7E739A1C482E}.Release|Any CPU.ActiveCfg = Release|Any CPU
		{7A5B9FC4-BA3F-4A6C-A0B4-7E739A1C482E}.Release|Any CPU.Build.0 = Release|Any CPU
	EndGlobalSection
	GlobalSection(SolutionProperties) = preSolution
		HideSolutionNode = FALSE
	EndGlobalSection
	GlobalSection(ExtensibilityGlobals) = postSolution
		SolutionGuid = {E99D8DE6-7B66-44A2-AE3A-F5DD8976BA2D}
	EndGlobalSection
EndGlobal
